// !$*UTF8*$!
{
	archiveVersion = 1;
	classes = {
	};
	objectVersion = 51;
	objects = {

/* Begin PBXBuildFile section */
		6D22C6EC231D4EF8009DC8F7 /* SettingsTVC.swift in Sources */ = {isa = PBXBuildFile; fileRef = 6D22C6EB231D4EF8009DC8F7 /* SettingsTVC.swift */; };
		6D36E17E231BC09A00C88F0A /* AppDelegate.swift in Sources */ = {isa = PBXBuildFile; fileRef = 6D36E17D231BC09A00C88F0A /* AppDelegate.swift */; };
		6D36E180231BC09A00C88F0A /* MainVC.swift in Sources */ = {isa = PBXBuildFile; fileRef = 6D36E17F231BC09A00C88F0A /* MainVC.swift */; };
		6D36E183231BC09A00C88F0A /* Main.storyboard in Resources */ = {isa = PBXBuildFile; fileRef = 6D36E181231BC09A00C88F0A /* Main.storyboard */; };
		6D36E185231BC09C00C88F0A /* Assets.xcassets in Resources */ = {isa = PBXBuildFile; fileRef = 6D36E184231BC09C00C88F0A /* Assets.xcassets */; };
		6D36E188231BC09C00C88F0A /* LaunchScreen.storyboard in Resources */ = {isa = PBXBuildFile; fileRef = 6D36E186231BC09C00C88F0A /* LaunchScreen.storyboard */; };
		6D36E192231BD49200C88F0A /* TalkController.swift in Sources */ = {isa = PBXBuildFile; fileRef = 6D36E191231BD49200C88F0A /* TalkController.swift */; };
		6DF52795231C5D1600595B26 /* NetworkController.swift in Sources */ = {isa = PBXBuildFile; fileRef = 6DF52794231C5D1600595B26 /* NetworkController.swift */; };
		6DF52798231DB91C00595B26 /* Model.xcdatamodeld in Sources */ = {isa = PBXBuildFile; fileRef = 6DF52796231DB91C00595B26 /* Model.xcdatamodeld */; };
		AF4F2C61B2FCA3E744F72685 /* Pods_iLearnWords.framework in Frameworks */ = {isa = PBXBuildFile; fileRef = BD187980F093E277E5A968F7 /* Pods_iLearnWords.framework */; };
/* End PBXBuildFile section */

/* Begin PBXFileReference section */
		48B8AA7E06504417BD100AD6 /* Pods-iLearnWords.debug.xcconfig */ = {isa = PBXFileReference; includeInIndex = 1; lastKnownFileType = text.xcconfig; name = "Pods-iLearnWords.debug.xcconfig"; path = "Target Support Files/Pods-iLearnWords/Pods-iLearnWords.debug.xcconfig"; sourceTree = "<group>"; };
		6D22C6EB231D4EF8009DC8F7 /* SettingsTVC.swift */ = {isa = PBXFileReference; lastKnownFileType = sourcecode.swift; path = SettingsTVC.swift; sourceTree = "<group>"; };
		6D36E17A231BC09A00C88F0A /* iLearnWords.app */ = {isa = PBXFileReference; explicitFileType = wrapper.application; includeInIndex = 0; path = iLearnWords.app; sourceTree = BUILT_PRODUCTS_DIR; };
		6D36E17D231BC09A00C88F0A /* AppDelegate.swift */ = {isa = PBXFileReference; lastKnownFileType = sourcecode.swift; path = AppDelegate.swift; sourceTree = "<group>"; };
		6D36E17F231BC09A00C88F0A /* MainVC.swift */ = {isa = PBXFileReference; lastKnownFileType = sourcecode.swift; path = MainVC.swift; sourceTree = "<group>"; };
		6D36E182231BC09A00C88F0A /* Base */ = {isa = PBXFileReference; lastKnownFileType = file.storyboard; name = Base; path = Base.lproj/Main.storyboard; sourceTree = "<group>"; };
		6D36E184231BC09C00C88F0A /* Assets.xcassets */ = {isa = PBXFileReference; lastKnownFileType = folder.assetcatalog; path = Assets.xcassets; sourceTree = "<group>"; };
		6D36E187231BC09C00C88F0A /* Base */ = {isa = PBXFileReference; lastKnownFileType = file.storyboard; name = Base; path = Base.lproj/LaunchScreen.storyboard; sourceTree = "<group>"; };
		6D36E189231BC09C00C88F0A /* Info.plist */ = {isa = PBXFileReference; lastKnownFileType = text.plist.xml; path = Info.plist; sourceTree = "<group>"; };
		6D36E191231BD49200C88F0A /* TalkController.swift */ = {isa = PBXFileReference; lastKnownFileType = sourcecode.swift; path = TalkController.swift; sourceTree = "<group>"; };
		6DF52794231C5D1600595B26 /* NetworkController.swift */ = {isa = PBXFileReference; fileEncoding = 4; lastKnownFileType = sourcecode.swift; path = NetworkController.swift; sourceTree = "<group>"; };
		6DF52797231DB91C00595B26 /* Model.xcdatamodel */ = {isa = PBXFileReference; lastKnownFileType = wrapper.xcdatamodel; path = Model.xcdatamodel; sourceTree = "<group>"; };
		85F90F8EBD3A95F9DE8D3868 /* Pods-iLearnWords.release.xcconfig */ = {isa = PBXFileReference; includeInIndex = 1; lastKnownFileType = text.xcconfig; name = "Pods-iLearnWords.release.xcconfig"; path = "Target Support Files/Pods-iLearnWords/Pods-iLearnWords.release.xcconfig"; sourceTree = "<group>"; };
		BD187980F093E277E5A968F7 /* Pods_iLearnWords.framework */ = {isa = PBXFileReference; explicitFileType = wrapper.framework; includeInIndex = 0; path = Pods_iLearnWords.framework; sourceTree = BUILT_PRODUCTS_DIR; };
/* End PBXFileReference section */

/* Begin PBXFrameworksBuildPhase section */
		6D36E177231BC09A00C88F0A /* Frameworks */ = {
			isa = PBXFrameworksBuildPhase;
			buildActionMask = 2147483647;
			files = (
				AF4F2C61B2FCA3E744F72685 /* Pods_iLearnWords.framework in Frameworks */,
			);
			runOnlyForDeploymentPostprocessing = 0;
		};
/* End PBXFrameworksBuildPhase section */

/* Begin PBXGroup section */
		6D36E171231BC09A00C88F0A = {
			isa = PBXGroup;
			children = (
				6D36E17C231BC09A00C88F0A /* iLearnWords */,
				6D36E17B231BC09A00C88F0A /* Products */,
				DCBFE666AA0C7F1DA629D497 /* Pods */,
				9AD42107F2B70BA6CB278AC0 /* Frameworks */,
			);
			sourceTree = "<group>";
		};
		6D36E17B231BC09A00C88F0A /* Products */ = {
			isa = PBXGroup;
			children = (
				6D36E17A231BC09A00C88F0A /* iLearnWords.app */,
			);
			name = Products;
			sourceTree = "<group>";
		};
		6D36E17C231BC09A00C88F0A /* iLearnWords */ = {
			isa = PBXGroup;
			children = (
				6D36E17D231BC09A00C88F0A /* AppDelegate.swift */,
				6D36E195231BF7D200C88F0A /* Classes */,
				6D36E193231BF79700C88F0A /* Services */,
				6D36E194231BF7C300C88F0A /* Views */,
				6D36E184231BC09C00C88F0A /* Assets.xcassets */,
				6D36E189231BC09C00C88F0A /* Info.plist */,
				6DF52796231DB91C00595B26 /* Model.xcdatamodeld */,
			);
			path = iLearnWords;
			sourceTree = "<group>";
		};
		6D36E193231BF79700C88F0A /* Services */ = {
			isa = PBXGroup;
			children = (
				6DF52794231C5D1600595B26 /* NetworkController.swift */,
				6D36E191231BD49200C88F0A /* TalkController.swift */,
			);
			path = Services;
			sourceTree = "<group>";
		};
		6D36E194231BF7C300C88F0A /* Views */ = {
			isa = PBXGroup;
			children = (
				6D36E181231BC09A00C88F0A /* Main.storyboard */,
				6D36E186231BC09C00C88F0A /* LaunchScreen.storyboard */,
			);
			path = Views;
			sourceTree = "<group>";
		};
		6D36E195231BF7D200C88F0A /* Classes */ = {
			isa = PBXGroup;
			children = (
				6D36E17F231BC09A00C88F0A /* MainVC.swift */,
				6D22C6EB231D4EF8009DC8F7 /* SettingsTVC.swift */,
			);
			path = Classes;
			sourceTree = "<group>";
		};
		9AD42107F2B70BA6CB278AC0 /* Frameworks */ = {
			isa = PBXGroup;
			children = (
				BD187980F093E277E5A968F7 /* Pods_iLearnWords.framework */,
			);
			name = Frameworks;
			sourceTree = "<group>";
		};
		DCBFE666AA0C7F1DA629D497 /* Pods */ = {
			isa = PBXGroup;
			children = (
				48B8AA7E06504417BD100AD6 /* Pods-iLearnWords.debug.xcconfig */,
				85F90F8EBD3A95F9DE8D3868 /* Pods-iLearnWords.release.xcconfig */,
			);
			path = Pods;
			sourceTree = "<group>";
		};
/* End PBXGroup section */

/* Begin PBXNativeTarget section */
		6D36E179231BC09A00C88F0A /* iLearnWords */ = {
			isa = PBXNativeTarget;
			buildConfigurationList = 6D36E18C231BC09C00C88F0A /* Build configuration list for PBXNativeTarget "iLearnWords" */;
			buildPhases = (
				48DC0AB6CD1876BD01BD0EAA /* [CP] Check Pods Manifest.lock */,
				6D36E176231BC09A00C88F0A /* Sources */,
				6D36E177231BC09A00C88F0A /* Frameworks */,
				6D36E178231BC09A00C88F0A /* Resources */,
				BED63928BA4000CFFA99784A /* [CP] Embed Pods Frameworks */,
			);
			buildRules = (
			);
			dependencies = (
			);
			name = iLearnWords;
			productName = iLearnWords;
			productReference = 6D36E17A231BC09A00C88F0A /* iLearnWords.app */;
			productType = "com.apple.product-type.application";
		};
/* End PBXNativeTarget section */

/* Begin PBXProject section */
		6D36E172231BC09A00C88F0A /* Project object */ = {
			isa = PBXProject;
			attributes = {
				LastSwiftUpdateCheck = 1030;
				LastUpgradeCheck = 1030;
				ORGANIZATIONNAME = "Jose Francisco Catalá Barba";
				TargetAttributes = {
					6D36E179231BC09A00C88F0A = {
						CreatedOnToolsVersion = 10.3;
						SystemCapabilities = {
							com.apple.BackgroundModes = {
								enabled = 1;
							};
						};
					};
				};
			};
			buildConfigurationList = 6D36E175231BC09A00C88F0A /* Build configuration list for PBXProject "iLearnWords" */;
			compatibilityVersion = "Xcode 9.3";
			developmentRegion = en;
			hasScannedForEncodings = 0;
			knownRegions = (
				en,
				Base,
			);
			mainGroup = 6D36E171231BC09A00C88F0A;
			productRefGroup = 6D36E17B231BC09A00C88F0A /* Products */;
			projectDirPath = "";
			projectRoot = "";
			targets = (
				6D36E179231BC09A00C88F0A /* iLearnWords */,
			);
		};
/* End PBXProject section */

/* Begin PBXResourcesBuildPhase section */
		6D36E178231BC09A00C88F0A /* Resources */ = {
			isa = PBXResourcesBuildPhase;
			buildActionMask = 2147483647;
			files = (
				6D36E188231BC09C00C88F0A /* LaunchScreen.storyboard in Resources */,
				6D36E185231BC09C00C88F0A /* Assets.xcassets in Resources */,
				6D36E183231BC09A00C88F0A /* Main.storyboard in Resources */,
			);
			runOnlyForDeploymentPostprocessing = 0;
		};
/* End PBXResourcesBuildPhase section */

/* Begin PBXShellScriptBuildPhase section */
		48DC0AB6CD1876BD01BD0EAA /* [CP] Check Pods Manifest.lock */ = {
			isa = PBXShellScriptBuildPhase;
			buildActionMask = 2147483647;
			files = (
			);
			inputFileListPaths = (
			);
			inputPaths = (
				"${PODS_PODFILE_DIR_PATH}/Podfile.lock",
				"${PODS_ROOT}/Manifest.lock",
			);
			name = "[CP] Check Pods Manifest.lock";
			outputFileListPaths = (
			);
			outputPaths = (
				"$(DERIVED_FILE_DIR)/Pods-iLearnWords-checkManifestLockResult.txt",
			);
			runOnlyForDeploymentPostprocessing = 0;
			shellPath = /bin/sh;
			shellScript = "diff \"${PODS_PODFILE_DIR_PATH}/Podfile.lock\" \"${PODS_ROOT}/Manifest.lock\" > /dev/null\nif [ $? != 0 ] ; then\n    # print error to STDERR\n    echo \"error: The sandbox is not in sync with the Podfile.lock. Run 'pod install' or update your CocoaPods installation.\" >&2\n    exit 1\nfi\n# This output is used by Xcode 'outputs' to avoid re-running this script phase.\necho \"SUCCESS\" > \"${SCRIPT_OUTPUT_FILE_0}\"\n";
			showEnvVarsInLog = 0;
		};
		BED63928BA4000CFFA99784A /* [CP] Embed Pods Frameworks */ = {
			isa = PBXShellScriptBuildPhase;
			buildActionMask = 2147483647;
			files = (
			);
			inputFileListPaths = (
				"${PODS_ROOT}/Target Support Files/Pods-iLearnWords/Pods-iLearnWords-frameworks-${CONFIGURATION}-input-files.xcfilelist",
			);
			name = "[CP] Embed Pods Frameworks";
			outputFileListPaths = (
				"${PODS_ROOT}/Target Support Files/Pods-iLearnWords/Pods-iLearnWords-frameworks-${CONFIGURATION}-output-files.xcfilelist",
			);
			runOnlyForDeploymentPostprocessing = 0;
			shellPath = /bin/sh;
			shellScript = "\"${PODS_ROOT}/Target Support Files/Pods-iLearnWords/Pods-iLearnWords-frameworks.sh\"\n";
			showEnvVarsInLog = 0;
		};
/* End PBXShellScriptBuildPhase section */

/* Begin PBXSourcesBuildPhase section */
		6D36E176231BC09A00C88F0A /* Sources */ = {
			isa = PBXSourcesBuildPhase;
			buildActionMask = 2147483647;
			files = (
				6DF52795231C5D1600595B26 /* NetworkController.swift in Sources */,
				6D36E180231BC09A00C88F0A /* MainVC.swift in Sources */,
				6D36E17E231BC09A00C88F0A /* AppDelegate.swift in Sources */,
				6D22C6EC231D4EF8009DC8F7 /* SettingsTVC.swift in Sources */,
				6D36E192231BD49200C88F0A /* TalkController.swift in Sources */,
				6DF52798231DB91C00595B26 /* Model.xcdatamodeld in Sources */,
			);
			runOnlyForDeploymentPostprocessing = 0;
		};
/* End PBXSourcesBuildPhase section */

/* Begin PBXVariantGroup section */
		6D36E181231BC09A00C88F0A /* Main.storyboard */ = {
			isa = PBXVariantGroup;
			children = (
				6D36E182231BC09A00C88F0A /* Base */,
			);
			name = Main.storyboard;
			sourceTree = "<group>";
		};
		6D36E186231BC09C00C88F0A /* LaunchScreen.storyboard */ = {
			isa = PBXVariantGroup;
			children = (
				6D36E187231BC09C00C88F0A /* Base */,
			);
			name = LaunchScreen.storyboard;
			sourceTree = "<group>";
		};
/* End PBXVariantGroup section */

/* Begin XCBuildConfiguration section */
		6D36E18A231BC09C00C88F0A /* Debug */ = {
			isa = XCBuildConfiguration;
			buildSettings = {
				ALWAYS_SEARCH_USER_PATHS = NO;
				CLANG_ANALYZER_NONNULL = YES;
				CLANG_ANALYZER_NUMBER_OBJECT_CONVERSION = YES_AGGRESSIVE;
				CLANG_CXX_LANGUAGE_STANDARD = "gnu++14";
				CLANG_CXX_LIBRARY = "libc++";
				CLANG_ENABLE_MODULES = YES;
				CLANG_ENABLE_OBJC_ARC = YES;
				CLANG_ENABLE_OBJC_WEAK = YES;
				CLANG_WARN_BLOCK_CAPTURE_AUTORELEASING = YES;
				CLANG_WARN_BOOL_CONVERSION = YES;
				CLANG_WARN_COMMA = YES;
				CLANG_WARN_CONSTANT_CONVERSION = YES;
				CLANG_WARN_DEPRECATED_OBJC_IMPLEMENTATIONS = YES;
				CLANG_WARN_DIRECT_OBJC_ISA_USAGE = YES_ERROR;
				CLANG_WARN_DOCUMENTATION_COMMENTS = YES;
				CLANG_WARN_EMPTY_BODY = YES;
				CLANG_WARN_ENUM_CONVERSION = YES;
				CLANG_WARN_INFINITE_RECURSION = YES;
				CLANG_WARN_INT_CONVERSION = YES;
				CLANG_WARN_NON_LITERAL_NULL_CONVERSION = YES;
				CLANG_WARN_OBJC_IMPLICIT_RETAIN_SELF = YES;
				CLANG_WARN_OBJC_LITERAL_CONVERSION = YES;
				CLANG_WARN_OBJC_ROOT_CLASS = YES_ERROR;
				CLANG_WARN_RANGE_LOOP_ANALYSIS = YES;
				CLANG_WARN_STRICT_PROTOTYPES = YES;
				CLANG_WARN_SUSPICIOUS_MOVE = YES;
				CLANG_WARN_UNGUARDED_AVAILABILITY = YES_AGGRESSIVE;
				CLANG_WARN_UNREACHABLE_CODE = YES;
				CLANG_WARN__DUPLICATE_METHOD_MATCH = YES;
				CODE_SIGN_IDENTITY = "iPhone Developer";
				COPY_PHASE_STRIP = NO;
				DEBUG_INFORMATION_FORMAT = dwarf;
				ENABLE_STRICT_OBJC_MSGSEND = YES;
				ENABLE_TESTABILITY = YES;
				GCC_C_LANGUAGE_STANDARD = gnu11;
				GCC_DYNAMIC_NO_PIC = NO;
				GCC_NO_COMMON_BLOCKS = YES;
				GCC_OPTIMIZATION_LEVEL = 0;
				GCC_PREPROCESSOR_DEFINITIONS = (
					"DEBUG=1",
					"$(inherited)",
				);
				GCC_WARN_64_TO_32_BIT_CONVERSION = YES;
				GCC_WARN_ABOUT_RETURN_TYPE = YES_ERROR;
				GCC_WARN_UNDECLARED_SELECTOR = YES;
				GCC_WARN_UNINITIALIZED_AUTOS = YES_AGGRESSIVE;
				GCC_WARN_UNUSED_FUNCTION = YES;
				GCC_WARN_UNUSED_VARIABLE = YES;
				IPHONEOS_DEPLOYMENT_TARGET = 12.4;
				MTL_ENABLE_DEBUG_INFO = INCLUDE_SOURCE;
				MTL_FAST_MATH = YES;
				ONLY_ACTIVE_ARCH = YES;
				SDKROOT = iphoneos;
				SWIFT_ACTIVE_COMPILATION_CONDITIONS = DEBUG;
				SWIFT_OPTIMIZATION_LEVEL = "-Onone";
			};
			name = Debug;
		};
		6D36E18B231BC09C00C88F0A /* Release */ = {
			isa = XCBuildConfiguration;
			buildSettings = {
				ALWAYS_SEARCH_USER_PATHS = NO;
				CLANG_ANALYZER_NONNULL = YES;
				CLANG_ANALYZER_NUMBER_OBJECT_CONVERSION = YES_AGGRESSIVE;
				CLANG_CXX_LANGUAGE_STANDARD = "gnu++14";
				CLANG_CXX_LIBRARY = "libc++";
				CLANG_ENABLE_MODULES = YES;
				CLANG_ENABLE_OBJC_ARC = YES;
				CLANG_ENABLE_OBJC_WEAK = YES;
				CLANG_WARN_BLOCK_CAPTURE_AUTORELEASING = YES;
				CLANG_WARN_BOOL_CONVERSION = YES;
				CLANG_WARN_COMMA = YES;
				CLANG_WARN_CONSTANT_CONVERSION = YES;
				CLANG_WARN_DEPRECATED_OBJC_IMPLEMENTATIONS = YES;
				CLANG_WARN_DIRECT_OBJC_ISA_USAGE = YES_ERROR;
				CLANG_WARN_DOCUMENTATION_COMMENTS = YES;
				CLANG_WARN_EMPTY_BODY = YES;
				CLANG_WARN_ENUM_CONVERSION = YES;
				CLANG_WARN_INFINITE_RECURSION = YES;
				CLANG_WARN_INT_CONVERSION = YES;
				CLANG_WARN_NON_LITERAL_NULL_CONVERSION = YES;
				CLANG_WARN_OBJC_IMPLICIT_RETAIN_SELF = YES;
				CLANG_WARN_OBJC_LITERAL_CONVERSION = YES;
				CLANG_WARN_OBJC_ROOT_CLASS = YES_ERROR;
				CLANG_WARN_RANGE_LOOP_ANALYSIS = YES;
				CLANG_WARN_STRICT_PROTOTYPES = YES;
				CLANG_WARN_SUSPICIOUS_MOVE = YES;
				CLANG_WARN_UNGUARDED_AVAILABILITY = YES_AGGRESSIVE;
				CLANG_WARN_UNREACHABLE_CODE = YES;
				CLANG_WARN__DUPLICATE_METHOD_MATCH = YES;
				CODE_SIGN_IDENTITY = "iPhone Developer";
				COPY_PHASE_STRIP = NO;
				DEBUG_INFORMATION_FORMAT = "dwarf-with-dsym";
				ENABLE_NS_ASSERTIONS = NO;
				ENABLE_STRICT_OBJC_MSGSEND = YES;
				GCC_C_LANGUAGE_STANDARD = gnu11;
				GCC_NO_COMMON_BLOCKS = YES;
				GCC_WARN_64_TO_32_BIT_CONVERSION = YES;
				GCC_WARN_ABOUT_RETURN_TYPE = YES_ERROR;
				GCC_WARN_UNDECLARED_SELECTOR = YES;
				GCC_WARN_UNINITIALIZED_AUTOS = YES_AGGRESSIVE;
				GCC_WARN_UNUSED_FUNCTION = YES;
				GCC_WARN_UNUSED_VARIABLE = YES;
				IPHONEOS_DEPLOYMENT_TARGET = 12.4;
				MTL_ENABLE_DEBUG_INFO = NO;
				MTL_FAST_MATH = YES;
				SDKROOT = iphoneos;
				SWIFT_COMPILATION_MODE = wholemodule;
				SWIFT_OPTIMIZATION_LEVEL = "-O";
				VALIDATE_PRODUCT = YES;
			};
			name = Release;
		};
		6D36E18D231BC09C00C88F0A /* Debug */ = {
			isa = XCBuildConfiguration;
			baseConfigurationReference = 48B8AA7E06504417BD100AD6 /* Pods-iLearnWords.debug.xcconfig */;
			buildSettings = {
				ASSETCATALOG_COMPILER_APPICON_NAME = AppIcon;
				CODE_SIGN_STYLE = Automatic;
				DEVELOPMENT_TEAM = 75SEZC5TGW;
				INFOPLIST_FILE = iLearnWords/Info.plist;
				LD_RUNPATH_SEARCH_PATHS = (
					"$(inherited)",
					"@executable_path/Frameworks",
				);
				PRODUCT_BUNDLE_IDENTIFIER = com.armentechnology.WalkAndLearn.iLearnWords;
				PRODUCT_NAME = "$(TARGET_NAME)";
				SWIFT_VERSION = 5.0;
				TARGETED_DEVICE_FAMILY = "1,2";
			};
			name = Debug;
		};
		6D36E18E231BC09C00C88F0A /* Release */ = {
			isa = XCBuildConfiguration;
			baseConfigurationReference = 85F90F8EBD3A95F9DE8D3868 /* Pods-iLearnWords.release.xcconfig */;
			buildSettings = {
				ASSETCATALOG_COMPILER_APPICON_NAME = AppIcon;
				CODE_SIGN_STYLE = Automatic;
				DEVELOPMENT_TEAM = 75SEZC5TGW;
				INFOPLIST_FILE = iLearnWords/Info.plist;
				LD_RUNPATH_SEARCH_PATHS = (
					"$(inherited)",
					"@executable_path/Frameworks",
				);
				PRODUCT_BUNDLE_IDENTIFIER = com.armentechnology.WalkAndLearn.iLearnWords;
				PRODUCT_NAME = "$(TARGET_NAME)";
				SWIFT_VERSION = 5.0;
				TARGETED_DEVICE_FAMILY = "1,2";
			};
			name = Release;
		};
/* End XCBuildConfiguration section */

/* Begin XCConfigurationList section */
		6D36E175231BC09A00C88F0A /* Build configuration list for PBXProject "iLearnWords" */ = {
			isa = XCConfigurationList;
			buildConfigurations = (
				6D36E18A231BC09C00C88F0A /* Debug */,
				6D36E18B231BC09C00C88F0A /* Release */,
			);
			defaultConfigurationIsVisible = 0;
			defaultConfigurationName = Release;
		};
		6D36E18C231BC09C00C88F0A /* Build configuration list for PBXNativeTarget "iLearnWords" */ = {
			isa = XCConfigurationList;
			buildConfigurations = (
				6D36E18D231BC09C00C88F0A /* Debug */,
				6D36E18E231BC09C00C88F0A /* Release */,
			);
			defaultConfigurationIsVisible = 0;
			defaultConfigurationName = Release;
		};
/* End XCConfigurationList section */

/* Begin XCVersionGroup section */
		6DF52796231DB91C00595B26 /* Model.xcdatamodeld */ = {
			isa = XCVersionGroup;
			children = (
				6DF52797231DB91C00595B26 /* Model.xcdatamodel */,
			);
			currentVersion = 6DF52797231DB91C00595B26 /* Model.xcdatamodel */;
			path = Model.xcdatamodeld;
			sourceTree = "<group>";
			versionGroupType = wrapper.xcdatamodel;
		};
/* End XCVersionGroup section */
	};
	rootObject = 6D36E172231BC09A00C88F0A /* Project object */;
}
